// !$*UTF8*$!
{
	archiveVersion = 1;
	classes = {
	};
	objectVersion = 46;
	objects = {

/* Begin PBXBuildFile section */
		9F4B83BD1F316F4600F9AC08 /* AppDelegate.swift in Sources */ = {isa = PBXBuildFile; fileRef = 9F4B83BC1F316F4600F9AC08 /* AppDelegate.swift */; };
		9F4B83BF1F316F4600F9AC08 /* ViewController.swift in Sources */ = {isa = PBXBuildFile; fileRef = 9F4B83BE1F316F4600F9AC08 /* ViewController.swift */; };
		9F4B83C21F316F4600F9AC08 /* Main.storyboard in Resources */ = {isa = PBXBuildFile; fileRef = 9F4B83C01F316F4600F9AC08 /* Main.storyboard */; };
		9F4B83C41F316F4600F9AC08 /* Assets.xcassets in Resources */ = {isa = PBXBuildFile; fileRef = 9F4B83C31F316F4600F9AC08 /* Assets.xcassets */; };
		9F4B83C71F316F4600F9AC08 /* LaunchScreen.storyboard in Resources */ = {isa = PBXBuildFile; fileRef = 9F4B83C51F316F4600F9AC08 /* LaunchScreen.storyboard */; };
		9F4B83CF1F316F7700F9AC08 /* FZHHomeView.swift in Sources */ = {isa = PBXBuildFile; fileRef = 9F4B83CE1F316F7700F9AC08 /* FZHHomeView.swift */; };
		9F4B83D11F316FE800F9AC08 /* FZHRoundModel.swift in Sources */ = {isa = PBXBuildFile; fileRef = 9F4B83D01F316FE800F9AC08 /* FZHRoundModel.swift */; };
/* End PBXBuildFile section */

/* Begin PBXFileReference section */
		9F4B83B91F316F4600F9AC08 /* 仿知乎网页版首页.app */ = {isa = PBXFileReference; explicitFileType = wrapper.application; includeInIndex = 0; path = "仿知乎网页版首页.app"; sourceTree = BUILT_PRODUCTS_DIR; };
		9F4B83BC1F316F4600F9AC08 /* AppDelegate.swift */ = {isa = PBXFileReference; lastKnownFileType = sourcecode.swift; path = AppDelegate.swift; sourceTree = "<group>"; };
		9F4B83BE1F316F4600F9AC08 /* ViewController.swift */ = {isa = PBXFileReference; lastKnownFileType = sourcecode.swift; path = ViewController.swift; sourceTree = "<group>"; };
		9F4B83C11F316F4600F9AC08 /* Base */ = {isa = PBXFileReference; lastKnownFileType = file.storyboard; name = Base; path = Base.lproj/Main.storyboard; sourceTree = "<group>"; };
		9F4B83C31F316F4600F9AC08 /* Assets.xcassets */ = {isa = PBXFileReference; lastKnownFileType = folder.assetcatalog; path = Assets.xcassets; sourceTree = "<group>"; };
		9F4B83C61F316F4600F9AC08 /* Base */ = {isa = PBXFileReference; lastKnownFileType = file.storyboard; name = Base; path = Base.lproj/LaunchScreen.storyboard; sourceTree = "<group>"; };
		9F4B83C81F316F4600F9AC08 /* Info.plist */ = {isa = PBXFileReference; lastKnownFileType = text.plist.xml; path = Info.plist; sourceTree = "<group>"; };
		9F4B83CE1F316F7700F9AC08 /* FZHHomeView.swift */ = {isa = PBXFileReference; fileEncoding = 4; lastKnownFileType = sourcecode.swift; path = FZHHomeView.swift; sourceTree = "<group>"; };
		9F4B83D01F316FE800F9AC08 /* FZHRoundModel.swift */ = {isa = PBXFileReference; fileEncoding = 4; lastKnownFileType = sourcecode.swift; path = FZHRoundModel.swift; sourceTree = "<group>"; };
/* End PBXFileReference section */

/* Begin PBXFrameworksBuildPhase section */
		9F4B83B61F316F4600F9AC08 /* Frameworks */ = {
			isa = PBXFrameworksBuildPhase;
			buildActionMask = 2147483647;
			files = (
			);
			runOnlyForDeploymentPostprocessing = 0;
		};
/* End PBXFrameworksBuildPhase section */

/* Begin PBXGroup section */
		9F4B83B01F316F4600F9AC08 = {
			isa = PBXGroup;
			children = (
				9F4B83BB1F316F4600F9AC08 /* 仿知乎网页版首页 */,
				9F4B83BA1F316F4600F9AC08 /* Products */,
			);
			sourceTree = "<group>";
		};
		9F4B83BA1F316F4600F9AC08 /* Products */ = {
			isa = PBXGroup;
			children = (
				9F4B83B91F316F4600F9AC08 /* 仿知乎网页版首页.app */,
			);
			name = Products;
			sourceTree = "<group>";
		};
		9F4B83BB1F316F4600F9AC08 /* 仿知乎网页版首页 */ = {
			isa = PBXGroup;
			children = (
				9F4B83BC1F316F4600F9AC08 /* AppDelegate.swift */,
				9F4B83BE1F316F4600F9AC08 /* ViewController.swift */,
				9F4B83CE1F316F7700F9AC08 /* FZHHomeView.swift */,
				9F4B83D01F316FE800F9AC08 /* FZHRoundModel.swift */,
				9F4B83C01F316F4600F9AC08 /* Main.storyboard */,
				9F4B83C31F316F4600F9AC08 /* Assets.xcassets */,
				9F4B83C51F316F4600F9AC08 /* LaunchScreen.storyboard */,
				9F4B83C81F316F4600F9AC08 /* Info.plist */,
			);
			path = "仿知乎网页版首页";
			sourceTree = "<group>";
		};
/* End PBXGroup section */

/* Begin PBXNativeTarget section */
		9F4B83B81F316F4600F9AC08 /* 仿知乎网页版首页 */ = {
			isa = PBXNativeTarget;
			buildConfigurationList = 9F4B83CB1F316F4600F9AC08 /* Build configuration list for PBXNativeTarget "仿知乎网页版首页" */;
			buildPhases = (
				9F4B83B51F316F4600F9AC08 /* Sources */,
				9F4B83B61F316F4600F9AC08 /* Frameworks */,
				9F4B83B71F316F4600F9AC08 /* Resources */,
			);
			buildRules = (
			);
			dependencies = (
			);
			name = "仿知乎网页版首页";
			productName = "仿知乎网页版首页";
			productReference = 9F4B83B91F316F4600F9AC08 /* 仿知乎网页版首页.app */;
			productType = "com.apple.product-type.application";
		};
/* End PBXNativeTarget section */

/* Begin PBXProject section */
		9F4B83B11F316F4600F9AC08 /* Project object */ = {
			isa = PBXProject;
			attributes = {
				LastSwiftUpdateCheck = 0830;
				LastUpgradeCheck = 0830;
				ORGANIZATIONNAME = linitial;
				TargetAttributes = {
					9F4B83B81F316F4600F9AC08 = {
						CreatedOnToolsVersion = 8.3.3;
						ProvisioningStyle = Automatic;
					};
				};
			};
			buildConfigurationList = 9F4B83B41F316F4600F9AC08 /* Build configuration list for PBXProject "仿知乎网页版首页" */;
			compatibilityVersion = "Xcode 3.2";
			developmentRegion = English;
			hasScannedForEncodings = 0;
			knownRegions = (
				en,
				Base,
			);
			mainGroup = 9F4B83B01F316F4600F9AC08;
			productRefGroup = 9F4B83BA1F316F4600F9AC08 /* Products */;
			projectDirPath = "";
			projectRoot = "";
			targets = (
				9F4B83B81F316F4600F9AC08 /* 仿知乎网页版首页 */,
			);
		};
/* End PBXProject section */

/* Begin PBXResourcesBuildPhase section */
		9F4B83B71F316F4600F9AC08 /* Resources */ = {
			isa = PBXResourcesBuildPhase;
			buildActionMask = 2147483647;
			files = (
				9F4B83C71F316F4600F9AC08 /* LaunchScreen.storyboard in Resources */,
				9F4B83C41F316F4600F9AC08 /* Assets.xcassets in Resources */,
				9F4B83C21F316F4600F9AC08 /* Main.storyboard in Resources */,
			);
			runOnlyForDeploymentPostprocessing = 0;
		};
/* End PBXResourcesBuildPhase section */

/* Begin PBXSourcesBuildPhase section */
		9F4B83B51F316F4600F9AC08 /* Sources */ = {
			isa = PBXSourcesBuildPhase;
			buildActionMask = 2147483647;
			files = (
				9F4B83D11F316FE800F9AC08 /* FZHRoundModel.swift in Sources */,
				9F4B83BF1F316F4600F9AC08 /* ViewController.swift in Sources */,
				9F4B83BD1F316F4600F9AC08 /* AppDelegate.swift in Sources */,
				9F4B83CF1F316F7700F9AC08 /* FZHHomeView.swift in Sources */,
			);
			runOnlyForDeploymentPostprocessing = 0;
		};
/* End PBXSourcesBuildPhase section */

/* Begin PBXVariantGroup section */
		9F4B83C01F316F4600F9AC08 /* Main.storyboard */ = {
			isa = PBXVariantGroup;
			children = (
				9F4B83C11F316F4600F9AC08 /* Base */,
			);
			name = Main.storyboard;
			sourceTree = "<group>";
		};
		9F4B83C51F316F4600F9AC08 /* LaunchScreen.storyboard */ = {
			isa = PBXVariantGroup;
			children = (
				9F4B83C61F316F4600F9AC08 /* Base */,
			);
			name = LaunchScreen.storyboard;
			sourceTree = "<group>";
		};
/* End PBXVariantGroup section */

/* Begin XCBuildConfiguration section */
		9F4B83C91F316F4600F9AC08 /* Debug */ = {
			isa = XCBuildConfiguration;
			buildSettings = {
				ALWAYS_SEARCH_USER_PATHS = NO;
				CLANG_ANALYZER_NONNULL = YES;
				CLANG_ANALYZER_NUMBER_OBJECT_CONVERSION = YES_AGGRESSIVE;
				CLANG_CXX_LANGUAGE_STANDARD = "gnu++0x";
				CLANG_CXX_LIBRARY = "libc++";
				CLANG_ENABLE_MODULES = YES;
				CLANG_ENABLE_OBJC_ARC = YES;
				CLANG_WARN_BOOL_CONVERSION = YES;
				CLANG_WARN_CONSTANT_CONVERSION = YES;
				CLANG_WARN_DIRECT_OBJC_ISA_USAGE = YES_ERROR;
				CLANG_WARN_DOCUMENTATION_COMMENTS = YES;
				CLANG_WARN_EMPTY_BODY = YES;
				CLANG_WARN_ENUM_CONVERSION = YES;
				CLANG_WARN_INFINITE_RECURSION = YES;
				CLANG_WARN_INT_CONVERSION = YES;
				CLANG_WARN_OBJC_ROOT_CLASS = YES_ERROR;
				CLANG_WARN_SUSPICIOUS_MOVE = YES;
				CLANG_WARN_UNREACHABLE_CODE = YES;
				CLANG_WARN__DUPLICATE_METHOD_MATCH = YES;
				"CODE_SIGN_IDENTITY[sdk=iphoneos*]" = "iPhone Developer";
				COPY_PHASE_STRIP = NO;
				DEBUG_INFORMATION_FORMAT = dwarf;
				ENABLE_STRICT_OBJC_MSGSEND = YES;
				ENABLE_TESTABILITY = YES;
				GCC_C_LANGUAGE_STANDARD = gnu99;
				GCC_DYNAMIC_NO_PIC = NO;
				GCC_NO_COMMON_BLOCKS = YES;
				GCC_OPTIMIZATION_LEVEL = 0;
				GCC_PREPROCESSOR_DEFINITIONS = (
					"DEBUG=1",
					"$(inherited)",
				);
				GCC_WARN_64_TO_32_BIT_CONVERSION = YES;
				GCC_WARN_ABOUT_RETURN_TYPE = YES_ERROR;
				GCC_WARN_UNDECLARED_SELECTOR = YES;
				GCC_WARN_UNINITIALIZED_AUTOS = YES_AGGRESSIVE;
				GCC_WARN_UNUSED_FUNCTION = YES;
				GCC_WARN_UNUSED_VARIABLE = YES;
				IPHONEOS_DEPLOYMENT_TARGET = 10.3;
				MTL_ENABLE_DEBUG_INFO = YES;
				ONLY_ACTIVE_ARCH = YES;
				SDKROOT = iphoneos;
				SWIFT_ACTIVE_COMPILATION_CONDITIONS = DEBUG;
				SWIFT_OPTIMIZATION_LEVEL = "-Onone";
			};
			name = Debug;
		};
		9F4B83CA1F316F4600F9AC08 /* Release */ = {
			isa = XCBuildConfiguration;
			buildSettings = {
				ALWAYS_SEARCH_USER_PATHS = NO;
				CLANG_ANALYZER_NONNULL = YES;
				CLANG_ANALYZER_NUMBER_OBJECT_CONVERSION = YES_AGGRESSIVE;
				CLANG_CXX_LANGUAGE_STANDARD = "gnu++0x";
				CLANG_CXX_LIBRARY = "libc++";
				CLANG_ENABLE_MODULES = YES;
				CLANG_ENABLE_OBJC_ARC = YES;
				CLANG_WARN_BOOL_CONVERSION = YES;
				CLANG_WARN_CONSTANT_CONVERSION = YES;
				CLANG_WARN_DIRECT_OBJC_ISA_USAGE = YES_ERROR;
				CLANG_WARN_DOCUMENTATION_COMMENTS = YES;
				CLANG_WARN_EMPTY_BODY = YES;
				CLANG_WARN_ENUM_CONVERSION = YES;
				CLANG_WARN_INFINITE_RECURSION = YES;
				CLANG_WARN_INT_CONVERSION = YES;
				CLANG_WARN_OBJC_ROOT_CLASS = YES_ERROR;
				CLANG_WARN_SUSPICIOUS_MOVE = YES;
				CLANG_WARN_UNREACHABLE_CODE = YES;
				CLANG_WARN__DUPLICATE_METHOD_MATCH = YES;
				"CODE_SIGN_IDENTITY[sdk=iphoneos*]" = "iPhone Developer";
				COPY_PHASE_STRIP = NO;
				DEBUG_INFORMATION_FORMAT = "dwarf-with-dsym";
				ENABLE_NS_ASSERTIONS = NO;
				ENABLE_STRICT_OBJC_MSGSEND = YES;
				GCC_C_LANGUAGE_STANDARD = gnu99;
				GCC_NO_COMMON_BLOCKS = YES;
				GCC_WARN_64_TO_32_BIT_CONVERSION = YES;
				GCC_WARN_ABOUT_RETURN_TYPE = YES_ERROR;
				GCC_WARN_UNDECLARED_SELECTOR = YES;
				GCC_WARN_UNINITIALIZED_AUTOS = YES_AGGRESSIVE;
				GCC_WARN_UNUSED_FUNCTION = YES;
				GCC_WARN_UNUSED_VARIABLE = YES;
				IPHONEOS_DEPLOYMENT_TARGET = 10.3;
				MTL_ENABLE_DEBUG_INFO = NO;
				SDKROOT = iphoneos;
				SWIFT_OPTIMIZATION_LEVEL = "-Owholemodule";
				VALIDATE_PRODUCT = YES;
			};
			name = Release;
		};
		9F4B83CC1F316F4600F9AC08 /* Debug */ = {
			isa = XCBuildConfiguration;
			buildSettings = {
				ASSETCATALOG_COMPILER_APPICON_NAME = AppIcon;
				INFOPLIST_FILE = "仿知乎网页版首页/Info.plist";
				LD_RUNPATH_SEARCH_PATHS = "$(inherited) @executable_path/Frameworks";
				PRODUCT_BUNDLE_IDENTIFIER = "linitial.--------";
				PRODUCT_NAME = "$(TARGET_NAME)";
				SWIFT_VERSION = 3.0;
			};
			name = Debug;
		};
		9F4B83CD1F316F4600F9AC08 /* Release */ = {
			isa = XCBuildConfiguration;
			buildSettings = {
				ASSETCATALOG_COMPILER_APPICON_NAME = AppIcon;
				INFOPLIST_FILE = "仿知乎网页版首页/Info.plist";
				LD_RUNPATH_SEARCH_PATHS = "$(inherited) @executable_path/Frameworks";
				PRODUCT_BUNDLE_IDENTIFIER = "linitial.--------";
				PRODUCT_NAME = "$(TARGET_NAME)";
				SWIFT_VERSION = 3.0;
			};
			name = Release;
		};
/* End XCBuildConfiguration section */

/* Begin XCConfigurationList section */
		9F4B83B41F316F4600F9AC08 /* Build configuration list for PBXProject "仿知乎网页版首页" */ = {
			isa = XCConfigurationList;
			buildConfigurations = (
				9F4B83C91F316F4600F9AC08 /* Debug */,
				9F4B83CA1F316F4600F9AC08 /* Release */,
			);
			defaultConfigurationIsVisible = 0;
			defaultConfigurationName = Release;
		};
		9F4B83CB1F316F4600F9AC08 /* Build configuration list for PBXNativeTarget "仿知乎网页版首页" */ = {
			isa = XCConfigurationList;
			buildConfigurations = (
				9F4B83CC1F316F4600F9AC08 /* Debug */,
				9F4B83CD1F316F4600F9AC08 /* Release */,
			);
			defaultConfigurationIsVisible = 0;
		};
/* End XCConfigurationList section */
	};
	rootObject = 9F4B83B11F316F4600F9AC08 /* Project object */;
}
